// !$*UTF8*$!
{
	archiveVersion = 1;
	classes = {
	};
	objectVersion = 77;
	objects = {

/* Begin PBXContainerItemProxy section */
		34B70C542D81C10B0018C2C1 /* PBXContainerItemProxy */ = {
			isa = PBXContainerItemProxy;
			containerPortal = 34B70C3B2D81C1090018C2C1 /* Project object */;
			proxyType = 1;
			remoteGlobalIDString = 34B70C422D81C1090018C2C1;
			remoteInfo = "SwiftUI-music";
		};
		34B70C5E2D81C10B0018C2C1 /* PBXContainerItemProxy */ = {
			isa = PBXContainerItemProxy;
			containerPortal = 34B70C3B2D81C1090018C2C1 /* Project object */;
			proxyType = 1;
			remoteGlobalIDString = 34B70C422D81C1090018C2C1;
			remoteInfo = "SwiftUI-music";
		};
/* End PBXContainerItemProxy section */

/* Begin PBXFileReference section */
		34B70C432D81C1090018C2C1 /* SwiftUI-music.app */ = {isa = PBXFileReference; explicitFileType = wrapper.application; includeInIndex = 0; path = "SwiftUI-music.app"; sourceTree = BUILT_PRODUCTS_DIR; };
		34B70C532D81C10B0018C2C1 /* SwiftUI-musicTests.xctest */ = {isa = PBXFileReference; explicitFileType = wrapper.cfbundle; includeInIndex = 0; path = "SwiftUI-musicTests.xctest"; sourceTree = BUILT_PRODUCTS_DIR; };
		34B70C5D2D81C10B0018C2C1 /* SwiftUI-musicUITests.xctest */ = {isa = PBXFileReference; explicitFileType = wrapper.cfbundle; includeInIndex = 0; path = "SwiftUI-musicUITests.xctest"; sourceTree = BUILT_PRODUCTS_DIR; };
/* End PBXFileReference section */

/* Begin PBXFileSystemSynchronizedBuildFileExceptionSet section */
		34B70C962D81CF010018C2C1 /* Exceptions for "SwiftUI-music" folder in "SwiftUI-music" target */ = {
			isa = PBXFileSystemSynchronizedBuildFileExceptionSet;
			membershipExceptions = (
				Info.plist,
			);
			target = 34B70C422D81C1090018C2C1 /* SwiftUI-music */;
		};
/* End PBXFileSystemSynchronizedBuildFileExceptionSet section */

/* Begin PBXFileSystemSynchronizedRootGroup section */
		34B70C452D81C1090018C2C1 /* SwiftUI-music */ = {
			isa = PBXFileSystemSynchronizedRootGroup;
			exceptions = (
				34B70C962D81CF010018C2C1 /* Exceptions for "SwiftUI-music" folder in "SwiftUI-music" target */,
			);
			path = "SwiftUI-music";
			sourceTree = "<group>";
		};
		34B70C562D81C10B0018C2C1 /* SwiftUI-musicTests */ = {
			isa = PBXFileSystemSynchronizedRootGroup;
			path = "SwiftUI-musicTests";
			sourceTree = "<group>";
		};
		34B70C602D81C10B0018C2C1 /* SwiftUI-musicUITests */ = {
			isa = PBXFileSystemSynchronizedRootGroup;
			path = "SwiftUI-musicUITests";
			sourceTree = "<group>";
		};
/* End PBXFileSystemSynchronizedRootGroup section */

/* Begin PBXFrameworksBuildPhase section */
		34B70C402D81C1090018C2C1 /* Frameworks */ = {
			isa = PBXFrameworksBuildPhase;
			buildActionMask = 2147483647;
			files = (
			);
			runOnlyForDeploymentPostprocessing = 0;
		};
		34B70C502D81C10B0018C2C1 /* Frameworks */ = {
			isa = PBXFrameworksBuildPhase;
			buildActionMask = 2147483647;
			files = (
			);
			runOnlyForDeploymentPostprocessing = 0;
		};
		34B70C5A2D81C10B0018C2C1 /* Frameworks */ = {
			isa = PBXFrameworksBuildPhase;
			buildActionMask = 2147483647;
			files = (
			);
			runOnlyForDeploymentPostprocessing = 0;
		};
/* End PBXFrameworksBuildPhase section */

/* Begin PBXGroup section */
		34B70C3A2D81C1090018C2C1 = {
			isa = PBXGroup;
			children = (
				34B70C452D81C1090018C2C1 /* SwiftUI-music */,
				34B70C562D81C10B0018C2C1 /* SwiftUI-musicTests */,
				34B70C602D81C10B0018C2C1 /* SwiftUI-musicUITests */,
				34B70C442D81C1090018C2C1 /* Products */,
			);
			sourceTree = "<group>";
		};
		34B70C442D81C1090018C2C1 /* Products */ = {
			isa = PBXGroup;
			children = (
				34B70C432D81C1090018C2C1 /* SwiftUI-music.app */,
				34B70C532D81C10B0018C2C1 /* SwiftUI-musicTests.xctest */,
				34B70C5D2D81C10B0018C2C1 /* SwiftUI-musicUITests.xctest */,
			);
			name = Products;
			sourceTree = "<group>";
		};
/* End PBXGroup section */

/* Begin PBXNativeTarget section */
		34B70C422D81C1090018C2C1 /* SwiftUI-music */ = {
			isa = PBXNativeTarget;
			buildConfigurationList = 34B70C672D81C10B0018C2C1 /* Build configuration list for PBXNativeTarget "SwiftUI-music" */;
			buildPhases = (
				34B70C3F2D81C1090018C2C1 /* Sources */,
				34B70C402D81C1090018C2C1 /* Frameworks */,
				34B70C412D81C1090018C2C1 /* Resources */,
			);
			buildRules = (
			);
			dependencies = (
			);
			fileSystemSynchronizedGroups = (
				34B70C452D81C1090018C2C1 /* SwiftUI-music */,
			);
			name = "SwiftUI-music";
			packageProductDependencies = (
			);
			productName = "SwiftUI-music";
			productReference = 34B70C432D81C1090018C2C1 /* SwiftUI-music.app */;
			productType = "com.apple.product-type.application";
		};
		34B70C522D81C10B0018C2C1 /* SwiftUI-musicTests */ = {
			isa = PBXNativeTarget;
			buildConfigurationList = 34B70C6A2D81C10B0018C2C1 /* Build configuration list for PBXNativeTarget "SwiftUI-musicTests" */;
			buildPhases = (
				34B70C4F2D81C10B0018C2C1 /* Sources */,
				34B70C502D81C10B0018C2C1 /* Frameworks */,
				34B70C512D81C10B0018C2C1 /* Resources */,
			);
			buildRules = (
			);
			dependencies = (
				34B70C552D81C10B0018C2C1 /* PBXTargetDependency */,
			);
			fileSystemSynchronizedGroups = (
				34B70C562D81C10B0018C2C1 /* SwiftUI-musicTests */,
			);
			name = "SwiftUI-musicTests";
			packageProductDependencies = (
			);
			productName = "SwiftUI-musicTests";
			productReference = 34B70C532D81C10B0018C2C1 /* SwiftUI-musicTests.xctest */;
			productType = "com.apple.product-type.bundle.unit-test";
		};
		34B70C5C2D81C10B0018C2C1 /* SwiftUI-musicUITests */ = {
			isa = PBXNativeTarget;
			buildConfigurationList = 34B70C6D2D81C10B0018C2C1 /* Build configuration list for PBXNativeTarget "SwiftUI-musicUITests" */;
			buildPhases = (
				34B70C592D81C10B0018C2C1 /* Sources */,
				34B70C5A2D81C10B0018C2C1 /* Frameworks */,
				34B70C5B2D81C10B0018C2C1 /* Resources */,
			);
			buildRules = (
			);
			dependencies = (
				34B70C5F2D81C10B0018C2C1 /* PBXTargetDependency */,
			);
			fileSystemSynchronizedGroups = (
				34B70C602D81C10B0018C2C1 /* SwiftUI-musicUITests */,
			);
			name = "SwiftUI-musicUITests";
			packageProductDependencies = (
			);
			productName = "SwiftUI-musicUITests";
			productReference = 34B70C5D2D81C10B0018C2C1 /* SwiftUI-musicUITests.xctest */;
			productType = "com.apple.product-type.bundle.ui-testing";
		};
/* End PBXNativeTarget section */

/* Begin PBXProject section */
		34B70C3B2D81C1090018C2C1 /* Project object */ = {
			isa = PBXProject;
			attributes = {
				BuildIndependentTargetsInParallel = 1;
				LastSwiftUpdateCheck = 1620;
				LastUpgradeCheck = 1620;
				TargetAttributes = {
					34B70C422D81C1090018C2C1 = {
						CreatedOnToolsVersion = 16.2;
					};
					34B70C522D81C10B0018C2C1 = {
						CreatedOnToolsVersion = 16.2;
						TestTargetID = 34B70C422D81C1090018C2C1;
					};
					34B70C5C2D81C10B0018C2C1 = {
						CreatedOnToolsVersion = 16.2;
						TestTargetID = 34B70C422D81C1090018C2C1;
					};
				};
			};
			buildConfigurationList = 34B70C3E2D81C1090018C2C1 /* Build configuration list for PBXProject "SwiftUI-music" */;
			developmentRegion = en;
			hasScannedForEncodings = 0;
			knownRegions = (
				en,
				Base,
			);
			mainGroup = 34B70C3A2D81C1090018C2C1;
			minimizedProjectReferenceProxies = 1;
			preferredProjectObjectVersion = 77;
			productRefGroup = 34B70C442D81C1090018C2C1 /* Products */;
			projectDirPath = "";
			projectRoot = "";
			targets = (
				34B70C422D81C1090018C2C1 /* SwiftUI-music */,
				34B70C522D81C10B0018C2C1 /* SwiftUI-musicTests */,
				34B70C5C2D81C10B0018C2C1 /* SwiftUI-musicUITests */,
			);
		};
/* End PBXProject section */

/* Begin PBXResourcesBuildPhase section */
		34B70C412D81C1090018C2C1 /* Resources */ = {
			isa = PBXResourcesBuildPhase;
			buildActionMask = 2147483647;
			files = (
			);
			runOnlyForDeploymentPostprocessing = 0;
		};
		34B70C512D81C10B0018C2C1 /* Resources */ = {
			isa = PBXResourcesBuildPhase;
			buildActionMask = 2147483647;
			files = (
			);
			runOnlyForDeploymentPostprocessing = 0;
		};
		34B70C5B2D81C10B0018C2C1 /* Resources */ = {
			isa = PBXResourcesBuildPhase;
			buildActionMask = 2147483647;
			files = (
			);
			runOnlyForDeploymentPostprocessing = 0;
		};
/* End PBXResourcesBuildPhase section */

/* Begin PBXSourcesBuildPhase section */
		34B70C3F2D81C1090018C2C1 /* Sources */ = {
			isa = PBXSourcesBuildPhase;
			buildActionMask = 2147483647;
			files = (
			);
			runOnlyForDeploymentPostprocessing = 0;
		};
		34B70C4F2D81C10B0018C2C1 /* Sources */ = {
			isa = PBXSourcesBuildPhase;
			buildActionMask = 2147483647;
			files = (
			);
			runOnlyForDeploymentPostprocessing = 0;
		};
		34B70C592D81C10B0018C2C1 /* Sources */ = {
			isa = PBXSourcesBuildPhase;
			buildActionMask = 2147483647;
			files = (
			);
			runOnlyForDeploymentPostprocessing = 0;
		};
/* End PBXSourcesBuildPhase section */

/* Begin PBXTargetDependency section */
		34B70C552D81C10B0018C2C1 /* PBXTargetDependency */ = {
			isa = PBXTargetDependency;
			target = 34B70C422D81C1090018C2C1 /* SwiftUI-music */;
			targetProxy = 34B70C542D81C10B0018C2C1 /* PBXContainerItemProxy */;
		};
		34B70C5F2D81C10B0018C2C1 /* PBXTargetDependency */ = {
			isa = PBXTargetDependency;
			target = 34B70C422D81C1090018C2C1 /* SwiftUI-music */;
			targetProxy = 34B70C5E2D81C10B0018C2C1 /* PBXContainerItemProxy */;
		};
/* End PBXTargetDependency section */

/* Begin XCBuildConfiguration section */
		34B70C652D81C10B0018C2C1 /* Debug */ = {
			isa = XCBuildConfiguration;
			buildSettings = {
				ALWAYS_SEARCH_USER_PATHS = NO;
				ASSETCATALOG_COMPILER_GENERATE_SWIFT_ASSET_SYMBOL_EXTENSIONS = YES;
				CLANG_ANALYZER_NONNULL = YES;
				CLANG_ANALYZER_NUMBER_OBJECT_CONVERSION = YES_AGGRESSIVE;
				CLANG_CXX_LANGUAGE_STANDARD = "gnu++20";
				CLANG_ENABLE_MODULES = YES;
				CLANG_ENABLE_OBJC_ARC = YES;
				CLANG_ENABLE_OBJC_WEAK = YES;
				CLANG_WARN_BLOCK_CAPTURE_AUTORELEASING = YES;
				CLANG_WARN_BOOL_CONVERSION = YES;
				CLANG_WARN_COMMA = YES;
				CLANG_WARN_CONSTANT_CONVERSION = YES;
				CLANG_WARN_DEPRECATED_OBJC_IMPLEMENTATIONS = YES;
				CLANG_WARN_DIRECT_OBJC_ISA_USAGE = YES_ERROR;
				CLANG_WARN_DOCUMENTATION_COMMENTS = YES;
				CLANG_WARN_EMPTY_BODY = YES;
				CLANG_WARN_ENUM_CONVERSION = YES;
				CLANG_WARN_INFINITE_RECURSION = YES;
				CLANG_WARN_INT_CONVERSION = YES;
				CLANG_WARN_NON_LITERAL_NULL_CONVERSION = YES;
				CLANG_WARN_OBJC_IMPLICIT_RETAIN_SELF = YES;
				CLANG_WARN_OBJC_LITERAL_CONVERSION = YES;
				CLANG_WARN_OBJC_ROOT_CLASS = YES_ERROR;
				CLANG_WARN_QUOTED_INCLUDE_IN_FRAMEWORK_HEADER = YES;
				CLANG_WARN_RANGE_LOOP_ANALYSIS = YES;
				CLANG_WARN_STRICT_PROTOTYPES = YES;
				CLANG_WARN_SUSPICIOUS_MOVE = YES;
				CLANG_WARN_UNGUARDED_AVAILABILITY = YES_AGGRESSIVE;
				CLANG_WARN_UNREACHABLE_CODE = YES;
				CLANG_WARN__DUPLICATE_METHOD_MATCH = YES;
				COPY_PHASE_STRIP = NO;
				DEBUG_INFORMATION_FORMAT = dwarf;
				ENABLE_STRICT_OBJC_MSGSEND = YES;
				ENABLE_TESTABILITY = YES;
				ENABLE_USER_SCRIPT_SANDBOXING = YES;
				GCC_C_LANGUAGE_STANDARD = gnu17;
				GCC_DYNAMIC_NO_PIC = NO;
				GCC_NO_COMMON_BLOCKS = YES;
				GCC_OPTIMIZATION_LEVEL = 0;
				GCC_PREPROCESSOR_DEFINITIONS = (
					"DEBUG=1",
					"$(inherited)",
				);
				GCC_WARN_64_TO_32_BIT_CONVERSION = YES;
				GCC_WARN_ABOUT_RETURN_TYPE = YES_ERROR;
				GCC_WARN_UNDECLARED_SELECTOR = YES;
				GCC_WARN_UNINITIALIZED_AUTOS = YES_AGGRESSIVE;
				GCC_WARN_UNUSED_FUNCTION = YES;
				GCC_WARN_UNUSED_VARIABLE = YES;
				IPHONEOS_DEPLOYMENT_TARGET = 18.2;
				LOCALIZATION_PREFERS_STRING_CATALOGS = YES;
				MTL_ENABLE_DEBUG_INFO = INCLUDE_SOURCE;
				MTL_FAST_MATH = YES;
				ONLY_ACTIVE_ARCH = YES;
				SDKROOT = iphoneos;
				SWIFT_ACTIVE_COMPILATION_CONDITIONS = "DEBUG $(inherited)";
				SWIFT_OPTIMIZATION_LEVEL = "-Onone";
			};
			name = Debug;
		};
		34B70C662D81C10B0018C2C1 /* Release */ = {
			isa = XCBuildConfiguration;
			buildSettings = {
				ALWAYS_SEARCH_USER_PATHS = NO;
				ASSETCATALOG_COMPILER_GENERATE_SWIFT_ASSET_SYMBOL_EXTENSIONS = YES;
				CLANG_ANALYZER_NONNULL = YES;
				CLANG_ANALYZER_NUMBER_OBJECT_CONVERSION = YES_AGGRESSIVE;
				CLANG_CXX_LANGUAGE_STANDARD = "gnu++20";
				CLANG_ENABLE_MODULES = YES;
				CLANG_ENABLE_OBJC_ARC = YES;
				CLANG_ENABLE_OBJC_WEAK = YES;
				CLANG_WARN_BLOCK_CAPTURE_AUTORELEASING = YES;
				CLANG_WARN_BOOL_CONVERSION = YES;
				CLANG_WARN_COMMA = YES;
				CLANG_WARN_CONSTANT_CONVERSION = YES;
				CLANG_WARN_DEPRECATED_OBJC_IMPLEMENTATIONS = YES;
				CLANG_WARN_DIRECT_OBJC_ISA_USAGE = YES_ERROR;
				CLANG_WARN_DOCUMENTATION_COMMENTS = YES;
				CLANG_WARN_EMPTY_BODY = YES;
				CLANG_WARN_ENUM_CONVERSION = YES;
				CLANG_WARN_INFINITE_RECURSION = YES;
				CLANG_WARN_INT_CONVERSION = YES;
				CLANG_WARN_NON_LITERAL_NULL_CONVERSION = YES;
				CLANG_WARN_OBJC_IMPLICIT_RETAIN_SELF = YES;
				CLANG_WARN_OBJC_LITERAL_CONVERSION = YES;
				CLANG_WARN_OBJC_ROOT_CLASS = YES_ERROR;
				CLANG_WARN_QUOTED_INCLUDE_IN_FRAMEWORK_HEADER = YES;
				CLANG_WARN_RANGE_LOOP_ANALYSIS = YES;
				CLANG_WARN_STRICT_PROTOTYPES = YES;
				CLANG_WARN_SUSPICIOUS_MOVE = YES;
				CLANG_WARN_UNGUARDED_AVAILABILITY = YES_AGGRESSIVE;
				CLANG_WARN_UNREACHABLE_CODE = YES;
				CLANG_WARN__DUPLICATE_METHOD_MATCH = YES;
				COPY_PHASE_STRIP = NO;
				DEBUG_INFORMATION_FORMAT = "dwarf-with-dsym";
				ENABLE_NS_ASSERTIONS = NO;
				ENABLE_STRICT_OBJC_MSGSEND = YES;
				ENABLE_USER_SCRIPT_SANDBOXING = YES;
				GCC_C_LANGUAGE_STANDARD = gnu17;
				GCC_NO_COMMON_BLOCKS = YES;
				GCC_WARN_64_TO_32_BIT_CONVERSION = YES;
				GCC_WARN_ABOUT_RETURN_TYPE = YES_ERROR;
				GCC_WARN_UNDECLARED_SELECTOR = YES;
				GCC_WARN_UNINITIALIZED_AUTOS = YES_AGGRESSIVE;
				GCC_WARN_UNUSED_FUNCTION = YES;
				GCC_WARN_UNUSED_VARIABLE = YES;
				IPHONEOS_DEPLOYMENT_TARGET = 18.2;
				LOCALIZATION_PREFERS_STRING_CATALOGS = YES;
				MTL_ENABLE_DEBUG_INFO = NO;
				MTL_FAST_MATH = YES;
				SDKROOT = iphoneos;
				SWIFT_COMPILATION_MODE = wholemodule;
				VALIDATE_PRODUCT = YES;
			};
			name = Release;
		};
		34B70C682D81C10B0018C2C1 /* Debug */ = {
			isa = XCBuildConfiguration;
			buildSettings = {
				ASSETCATALOG_COMPILER_APPICON_NAME = AppIcon;
				ASSETCATALOG_COMPILER_GLOBAL_ACCENT_COLOR_NAME = AccentColor;
				CODE_SIGN_STYLE = Automatic;
				CURRENT_PROJECT_VERSION = 1;
				DEVELOPMENT_ASSET_PATHS = "\"SwiftUI-music/Preview Content\"";
				ENABLE_PREVIEWS = YES;
				GENERATE_INFOPLIST_FILE = YES;
				INFOPLIST_FILE = "SwiftUI-music/Info.plist";
				INFOPLIST_KEY_UIApplicationSceneManifest_Generation = YES;
				INFOPLIST_KEY_UIApplicationSupportsIndirectInputEvents = YES;
				INFOPLIST_KEY_UILaunchScreen_Generation = YES;
				INFOPLIST_KEY_UISupportedInterfaceOrientations = UIInterfaceOrientationPortrait;
				INFOPLIST_KEY_UISupportedInterfaceOrientations_iPad = "UIInterfaceOrientationLandscapeLeft UIInterfaceOrientationLandscapeRight UIInterfaceOrientationPortrait UIInterfaceOrientationPortraitUpsideDown";
				LD_RUNPATH_SEARCH_PATHS = (
					"$(inherited)",
					"@executable_path/Frameworks",
				);
				MARKETING_VERSION = 2.0;
				PRODUCT_BUNDLE_IDENTIFIER = "com.qjl.Music.SwiftUI-music";
				PRODUCT_NAME = "$(TARGET_NAME)";
				SUPPORTED_PLATFORMS = "iphoneos iphonesimulator";
				SUPPORTS_MACCATALYST = NO;
				SUPPORTS_MAC_DESIGNED_FOR_IPHONE_IPAD = NO;
				SUPPORTS_XR_DESIGNED_FOR_IPHONE_IPAD = NO;
				SWIFT_EMIT_LOC_STRINGS = YES;
				SWIFT_VERSION = 6.0;
				TARGETED_DEVICE_FAMILY = "1,2";
			};
			name = Debug;
		};
		34B70C692D81C10B0018C2C1 /* Release */ = {
			isa = XCBuildConfiguration;
			buildSettings = {
				ASSETCATALOG_COMPILER_APPICON_NAME = AppIcon;
				ASSETCATALOG_COMPILER_GLOBAL_ACCENT_COLOR_NAME = AccentColor;
				CODE_SIGN_STYLE = Automatic;
				CURRENT_PROJECT_VERSION = 1;
				DEVELOPMENT_ASSET_PATHS = "\"SwiftUI-music/Preview Content\"";
				ENABLE_PREVIEWS = YES;
				GENERATE_INFOPLIST_FILE = YES;
				INFOPLIST_FILE = "SwiftUI-music/Info.plist";
				INFOPLIST_KEY_UIApplicationSceneManifest_Generation = YES;
				INFOPLIST_KEY_UIApplicationSupportsIndirectInputEvents = YES;
				INFOPLIST_KEY_UILaunchScreen_Generation = YES;
				INFOPLIST_KEY_UISupportedInterfaceOrientations = UIInterfaceOrientationPortrait;
				INFOPLIST_KEY_UISupportedInterfaceOrientations_iPad = "UIInterfaceOrientationLandscapeLeft UIInterfaceOrientationLandscapeRight UIInterfaceOrientationPortrait UIInterfaceOrientationPortraitUpsideDown";
				LD_RUNPATH_SEARCH_PATHS = (
					"$(inherited)",
					"@executable_path/Frameworks",
				);
				MARKETING_VERSION = 2.0;
				PRODUCT_BUNDLE_IDENTIFIER = "com.qjl.Music.SwiftUI-music";
				PRODUCT_NAME = "$(TARGET_NAME)";
				SUPPORTED_PLATFORMS = "iphoneos iphonesimulator";
				SUPPORTS_MACCATALYST = NO;
				SUPPORTS_MAC_DESIGNED_FOR_IPHONE_IPAD = NO;
				SUPPORTS_XR_DESIGNED_FOR_IPHONE_IPAD = NO;
				SWIFT_EMIT_LOC_STRINGS = YES;
				SWIFT_VERSION = 6.0;
				TARGETED_DEVICE_FAMILY = "1,2";
			};
			name = Release;
		};
		34B70C6B2D81C10B0018C2C1 /* Debug */ = {
			isa = XCBuildConfiguration;
			buildSettings = {
				BUNDLE_LOADER = "$(TEST_HOST)";
				CODE_SIGN_STYLE = Automatic;
				CURRENT_PROJECT_VERSION = 1;
				GENERATE_INFOPLIST_FILE = YES;
				IPHONEOS_DEPLOYMENT_TARGET = 18.2;
				MARKETING_VERSION = 1.0;
				PRODUCT_BUNDLE_IDENTIFIER = "com.qjl.Music.SwiftUI-musicTests";
				PRODUCT_NAME = "$(TARGET_NAME)";
				SWIFT_EMIT_LOC_STRINGS = NO;
				SWIFT_VERSION = 6.0;
				TARGETED_DEVICE_FAMILY = "1,2";
				TEST_HOST = "$(BUILT_PRODUCTS_DIR)/SwiftUI-music.app/$(BUNDLE_EXECUTABLE_FOLDER_PATH)/SwiftUI-music";
			};
			name = Debug;
		};
		34B70C6C2D81C10B0018C2C1 /* Release */ = {
			isa = XCBuildConfiguration;
			buildSettings = {
				BUNDLE_LOADER = "$(TEST_HOST)";
				CODE_SIGN_STYLE = Automatic;
				CURRENT_PROJECT_VERSION = 1;
				GENERATE_INFOPLIST_FILE = YES;
				IPHONEOS_DEPLOYMENT_TARGET = 18.2;
				MARKETING_VERSION = 1.0;
				PRODUCT_BUNDLE_IDENTIFIER = "com.qjl.Music.SwiftUI-musicTests";
				PRODUCT_NAME = "$(TARGET_NAME)";
				SWIFT_EMIT_LOC_STRINGS = NO;
				SWIFT_VERSION = 6.0;
				TARGETED_DEVICE_FAMILY = "1,2";
				TEST_HOST = "$(BUILT_PRODUCTS_DIR)/SwiftUI-music.app/$(BUNDLE_EXECUTABLE_FOLDER_PATH)/SwiftUI-music";
			};
			name = Release;
		};
		34B70C6E2D81C10B0018C2C1 /* Debug */ = {
			isa = XCBuildConfiguration;
			buildSettings = {
				CODE_SIGN_STYLE = Automatic;
				CURRENT_PROJECT_VERSION = 1;
				GENERATE_INFOPLIST_FILE = YES;
				MARKETING_VERSION = 1.0;
				PRODUCT_BUNDLE_IDENTIFIER = "com.qjl.Music.SwiftUI-musicUITests";
				PRODUCT_NAME = "$(TARGET_NAME)";
				SWIFT_EMIT_LOC_STRINGS = NO;
				SWIFT_VERSION = 6.0;
				TARGETED_DEVICE_FAMILY = "1,2";
				TEST_TARGET_NAME = "SwiftUI-music";
			};
			name = Debug;
		};
		34B70C6F2D81C10B0018C2C1 /* Release */ = {
			isa = XCBuildConfiguration;
			buildSettings = {
				CODE_SIGN_STYLE = Automatic;
				CURRENT_PROJECT_VERSION = 1;
				GENERATE_INFOPLIST_FILE = YES;
				MARKETING_VERSION = 1.0;
				PRODUCT_BUNDLE_IDENTIFIER = "com.qjl.Music.SwiftUI-musicUITests";
				PRODUCT_NAME = "$(TARGET_NAME)";
				SWIFT_EMIT_LOC_STRINGS = NO;
				SWIFT_VERSION = 6.0;
				TARGETED_DEVICE_FAMILY = "1,2";
				TEST_TARGET_NAME = "SwiftUI-music";
			};
			name = Release;
		};
/* End XCBuildConfiguration section */

/* Begin XCConfigurationList section */
		34B70C3E2D81C1090018C2C1 /* Build configuration list for PBXProject "SwiftUI-music" */ = {
			isa = XCConfigurationList;
			buildConfigurations = (
				34B70C652D81C10B0018C2C1 /* Debug */,
				34B70C662D81C10B0018C2C1 /* Release */,
			);
			defaultConfigurationIsVisible = 0;
			defaultConfigurationName = Release;
		};
		34B70C672D81C10B0018C2C1 /* Build configuration list for PBXNativeTarget "SwiftUI-music" */ = {
			isa = XCConfigurationList;
			buildConfigurations = (
				34B70C682D81C10B0018C2C1 /* Debug */,
				34B70C692D81C10B0018C2C1 /* Release */,
			);
			defaultConfigurationIsVisible = 0;
			defaultConfigurationName = Release;
		};
		34B70C6A2D81C10B0018C2C1 /* Build configuration list for PBXNativeTarget "SwiftUI-musicTests" */ = {
			isa = XCConfigurationList;
			buildConfigurations = (
				34B70C6B2D81C10B0018C2C1 /* Debug */,
				34B70C6C2D81C10B0018C2C1 /* Release */,
			);
			defaultConfigurationIsVisible = 0;
			defaultConfigurationName = Release;
		};
		34B70C6D2D81C10B0018C2C1 /* Build configuration list for PBXNativeTarget "SwiftUI-musicUITests" */ = {
			isa = XCConfigurationList;
			buildConfigurations = (
				34B70C6E2D81C10B0018C2C1 /* Debug */,
				34B70C6F2D81C10B0018C2C1 /* Release */,
			);
			defaultConfigurationIsVisible = 0;
			defaultConfigurationName = Release;
		};
/* End XCConfigurationList section */
	};
	rootObject = 34B70C3B2D81C1090018C2C1 /* Project object */;
}
